# @generated by Move, please check-in and do not edit manually.

[move]
version = 3
manifest_digest = "B011442BC5B236ED4C9EFF107168ADD400E487A5113630C489E4F43755DCE5D1"
deps_digest = "F8BBB0CCB2491CA29A3DF03D6F92277A4F3574266507ACD77214D37ECA3F3082"
dependencies = [
  { id = "Sui", name = "Sui" },
]

[[move.package]]
id = "MoveStdlib"
source = { git = "https://github.com/MystenLabs/sui.git", rev = "framework/testnet", subdir = "crates/sui-framework/packages/move-stdlib" }

[[move.package]]
id = "Sui"
source = { git = "https://github.com/MystenLabs/sui.git", rev = "framework/testnet", subdir = "crates/sui-framework/packages/sui-framework" }

dependencies = [
  { id = "MoveStdlib", name = "MoveStdlib" },
]

[move.toolchain-version]
compiler-version = "1.45.0"
edition = "2024.beta"
flavor = "sui"

[env]

[env.localnet]
chain-id = "b13b5f63"
original-published-id = "0x0a9b160c7288aa217360fa33c20876cd8e74ab6fab99f0e9f8b4ceede965a64a"
latest-published-id = "0x0a9b160c7288aa217360fa33c20876cd8e74ab6fab99f0e9f8b4ceede965a64a"
published-version = "1"
